
Microsoft Visual Studio Solution File, Format Version 12.00
# Visual Studio Version 17
VisualStudioVersion = 17.5.2.0
MinimumVisualStudioVersion = 10.0.40219.1
Project("{FAE04EC0-301F-11D3-BF4B-00C04F79EFBC}") = "ScalextricBleMonitor", "ScalextricBleMonitor\ScalextricBleMonitor.csproj", "{33D16EDA-4AC2-F183-1708-2B21C7F31055}"
EndProject
Project("{FAE04EC0-301F-11D3-BF4B-00C04F79EFBC}") = "ScalextricBleMonitor.Tests", "ScalextricBleMonitor.Tests\ScalextricBleMonitor.Tests.csproj", "{A2F81832-9BDF-4346-A68F-B73998EA4CB1}"
EndProject
Global
	GlobalSection(SolutionConfigurationPlatforms) = preSolution
		Debug|Any CPU = Debug|Any CPU
		Debug|x64 = Debug|x64
		Debug|x86 = Debug|x86
		Release|Any CPU = Release|Any CPU
		Release|x64 = Release|x64
		Release|x86 = Release|x86
	EndGlobalSection
	GlobalSection(ProjectConfigurationPlatforms) = postSolution
		{33D16EDA-4AC2-F183-1708-2B21C7F31055}.Debug|Any CPU.ActiveCfg = Debug|Any CPU
		{33D16EDA-4AC2-F183-1708-2B21C7F31055}.Debug|Any CPU.Build.0 = Debug|Any CPU
		{33D16EDA-4AC2-F183-1708-2B21C7F31055}.Debug|x64.ActiveCfg = Debug|Any CPU
		{33D16EDA-4AC2-F183-1708-2B21C7F31055}.Debug|x64.Build.0 = Debug|Any CPU
		{33D16EDA-4AC2-F183-1708-2B21C7F31055}.Debug|x86.ActiveCfg = Debug|Any CPU
		{33D16EDA-4AC2-F183-1708-2B21C7F31055}.Debug|x86.Build.0 = Debug|Any CPU
		{33D16EDA-4AC2-F183-1708-2B21C7F31055}.Release|Any CPU.ActiveCfg = Release|Any CPU
		{33D16EDA-4AC2-F183-1708-2B21C7F31055}.Release|Any CPU.Build.0 = Release|Any CPU
		{33D16EDA-4AC2-F183-1708-2B21C7F31055}.Release|x64.ActiveCfg = Release|Any CPU
		{33D16EDA-4AC2-F183-1708-2B21C7F31055}.Release|x64.Build.0 = Release|Any CPU
		{33D16EDA-4AC2-F183-1708-2B21C7F31055}.Release|x86.ActiveCfg = Release|Any CPU
		{33D16EDA-4AC2-F183-1708-2B21C7F31055}.Release|x86.Build.0 = Release|Any CPU
		{A2F81832-9BDF-4346-A68F-B73998EA4CB1}.Debug|Any CPU.ActiveCfg = Debug|Any CPU
		{A2F81832-9BDF-4346-A68F-B73998EA4CB1}.Debug|Any CPU.Build.0 = Debug|Any CPU
		{A2F81832-9BDF-4346-A68F-B73998EA4CB1}.Debug|x64.ActiveCfg = Debug|Any CPU
		{A2F81832-9BDF-4346-A68F-B73998EA4CB1}.Debug|x64.Build.0 = Debug|Any CPU
		{A2F81832-9BDF-4346-A68F-B73998EA4CB1}.Debug|x86.ActiveCfg = Debug|Any CPU
		{A2F81832-9BDF-4346-A68F-B73998EA4CB1}.Debug|x86.Build.0 = Debug|Any CPU
		{A2F81832-9BDF-4346-A68F-B73998EA4CB1}.Release|Any CPU.ActiveCfg = Release|Any CPU
		{A2F81832-9BDF-4346-A68F-B73998EA4CB1}.Release|Any CPU.Build.0 = Release|Any CPU
		{A2F81832-9BDF-4346-A68F-B73998EA4CB1}.Release|x64.ActiveCfg = Release|Any CPU
		{A2F81832-9BDF-4346-A68F-B73998EA4CB1}.Release|x64.Build.0 = Release|Any CPU
		{A2F81832-9BDF-4346-A68F-B73998EA4CB1}.Release|x86.ActiveCfg = Release|Any CPU
		{A2F81832-9BDF-4346-A68F-B73998EA4CB1}.Release|x86.Build.0 = Release|Any CPU
	EndGlobalSection
	GlobalSection(SolutionProperties) = preSolution
		HideSolutionNode = FALSE
	EndGlobalSection
	GlobalSection(ExtensibilityGlobals) = postSolution
		SolutionGuid = {763BD9C4-882C-4A1D-A49D-583B7644FBA8}
	EndGlobalSection
EndGlobal
